{
  "name": "example",
  "version": "0.0.0",
  "lockfileVersion": 1,
  "requires": true,
  "dependencies": {
    "@awesomeorganization/hyperlink": {
      "version": "0.1.2",
      "resolved": "https://registry.npmjs.org/@awesomeorganization/hyperlink/-/hyperlink-0.1.2.tgz",
      "integrity": "sha512-5GL98s0lXtof3Pb9EDfVPCimk2TG5nppi6G5uWy9gWTVTBcNdGPAvHN30xjy4PysK/zDY76f8k6f6rgqaFFKww=="
    },
    "undici": {
      "version": "2.0.1",
      "resolved": "https://registry.npmjs.org/undici/-/undici-2.0.1.tgz",
      "integrity": "sha512-ZaweWYw/FVGnMdBoTfiG2cCKZCVFwIuO2Bg7TZFFFECjlVS6jPCQzqd/J6rCjh4zrVP4Kuuj5+mq+tU6GkoJsw=="
    }
  }
}
