{
  "name": "example",
  "version": "0.0.0",
  "lockfileVersion": 1,
  "requires": true,
  "dependencies": {
    "@awesomeorganization/hyperlink": {
      "version": "0.1.5",
      "resolved": "https://registry.npmjs.org/@awesomeorganization/hyperlink/-/hyperlink-0.1.5.tgz",
      "integrity": "sha512-pJe+pzE1/rfm6MWE5v6WnX22Cb/upkEQlJ+pvZgIiwSORdjw3ZqfVE2Di+x8RkfxbK0oi4nnrpOXsZI16yBo+A=="
    },
    "undici": {
      "version": "3.3.3",
      "resolved": "https://registry.npmjs.org/undici/-/undici-3.3.3.tgz",
      "integrity": "sha512-JcC6p86DLPDne5vhm9nZ9N6hW/WPCtO8/NV+7YHS+x/mQ+NpWvtGxIt28ObBsySPec8FsabyiLPhmn7Htl9w3A=="
    }
  }
}
